
Microsoft Visual Studio Solution File, Format Version 12.00
# Visual Studio Version 16
VisualStudioVersion = 16.0.31321.278
MinimumVisualStudioVersion = 10.0.40219.1
Project("{9A19103F-16F7-4668-BE54-9A1E7A4F7556}") = "ParkingProject", "ParkingProject\ParkingProject.csproj", "{4A21C625-32BD-4E24-A9DD-18F65E0F8354}"
EndProject
Project("{FAE04EC0-301F-11D3-BF4B-00C04F79EFBC}") = "TestParkingProject", "TestParkingProject\TestParkingProject.csproj", "{26FEFE6E-47DB-483B-87CD-33448A94937E}"
EndProject
Global
	GlobalSection(SolutionConfigurationPlatforms) = preSolution
		Debug|Any CPU = Debug|Any CPU
		Release|Any CPU = Release|Any CPU
	EndGlobalSection
	GlobalSection(ProjectConfigurationPlatforms) = postSolution
		{4A21C625-32BD-4E24-A9DD-18F65E0F8354}.Debug|Any CPU.ActiveCfg = Debug|Any CPU
		{4A21C625-32BD-4E24-A9DD-18F65E0F8354}.Debug|Any CPU.Build.0 = Debug|Any CPU
		{4A21C625-32BD-4E24-A9DD-18F65E0F8354}.Release|Any CPU.ActiveCfg = Release|Any CPU
		{4A21C625-32BD-4E24-A9DD-18F65E0F8354}.Release|Any CPU.Build.0 = Release|Any CPU
		{26FEFE6E-47DB-483B-87CD-33448A94937E}.Debug|Any CPU.ActiveCfg = Debug|Any CPU
		{26FEFE6E-47DB-483B-87CD-33448A94937E}.Debug|Any CPU.Build.0 = Debug|Any CPU
		{26FEFE6E-47DB-483B-87CD-33448A94937E}.Release|Any CPU.ActiveCfg = Release|Any CPU
		{26FEFE6E-47DB-483B-87CD-33448A94937E}.Release|Any CPU.Build.0 = Release|Any CPU
	EndGlobalSection
	GlobalSection(SolutionProperties) = preSolution
		HideSolutionNode = FALSE
	EndGlobalSection
	GlobalSection(ExtensibilityGlobals) = postSolution
		SolutionGuid = {7954D396-3450-4CCC-9EE9-229504F77841}
	EndGlobalSection
EndGlobal
